// !$*UTF8*$!
{
	archiveVersion = 1;
	classes = {
	};
	objectVersion = 50;
	objects = {

/* Begin PBXBuildFile section */
		BB7B428C2121628700DAAC40 /* AppDelegate.m in Sources */ = {isa = PBXBuildFile; fileRef = BB7B428B2121628700DAAC40 /* AppDelegate.m */; };
		BB7B428F2121628700DAAC40 /* ViewController.m in Sources */ = {isa = PBXBuildFile; fileRef = BB7B428E2121628700DAAC40 /* ViewController.m */; };
		BB7B42922121628700DAAC40 /* Main.storyboard in Resources */ = {isa = PBXBuildFile; fileRef = BB7B42902121628700DAAC40 /* Main.storyboard */; };
		BB7B42942121628A00DAAC40 /* Assets.xcassets in Resources */ = {isa = PBXBuildFile; fileRef = BB7B42932121628A00DAAC40 /* Assets.xcassets */; };
		BB7B42972121628A00DAAC40 /* LaunchScreen.storyboard in Resources */ = {isa = PBXBuildFile; fileRef = BB7B42952121628A00DAAC40 /* LaunchScreen.storyboard */; };
		BB7B429A2121628A00DAAC40 /* main.m in Sources */ = {isa = PBXBuildFile; fileRef = BB7B42992121628A00DAAC40 /* main.m */; };
		BB7B42A42121628A00DAAC40 /* ____Tests.m in Sources */ = {isa = PBXBuildFile; fileRef = BB7B42A32121628A00DAAC40 /* ____Tests.m */; };
		BB7B42AF2121628A00DAAC40 /* ____UITests.m in Sources */ = {isa = PBXBuildFile; fileRef = BB7B42AE2121628A00DAAC40 /* ____UITests.m */; };
/* End PBXBuildFile section */

/* Begin PBXContainerItemProxy section */
		BB7B42A02121628A00DAAC40 /* PBXContainerItemProxy */ = {
			isa = PBXContainerItemProxy;
			containerPortal = BB7B427F2121628700DAAC40 /* Project object */;
			proxyType = 1;
			remoteGlobalIDString = BB7B42862121628700DAAC40;
			remoteInfo = "德元商城";
		};
		BB7B42AB2121628A00DAAC40 /* PBXContainerItemProxy */ = {
			isa = PBXContainerItemProxy;
			containerPortal = BB7B427F2121628700DAAC40 /* Project object */;
			proxyType = 1;
			remoteGlobalIDString = BB7B42862121628700DAAC40;
			remoteInfo = "德元商城";
		};
/* End PBXContainerItemProxy section */

/* Begin PBXFileReference section */
		BB7B42872121628700DAAC40 /* 德元商城.app */ = {isa = PBXFileReference; explicitFileType = wrapper.application; includeInIndex = 0; path = "德元商城.app"; sourceTree = BUILT_PRODUCTS_DIR; };
		BB7B428A2121628700DAAC40 /* AppDelegate.h */ = {isa = PBXFileReference; lastKnownFileType = sourcecode.c.h; path = AppDelegate.h; sourceTree = "<group>"; };
		BB7B428B2121628700DAAC40 /* AppDelegate.m */ = {isa = PBXFileReference; lastKnownFileType = sourcecode.c.objc; path = AppDelegate.m; sourceTree = "<group>"; };
		BB7B428D2121628700DAAC40 /* ViewController.h */ = {isa = PBXFileReference; lastKnownFileType = sourcecode.c.h; path = ViewController.h; sourceTree = "<group>"; };
		BB7B428E2121628700DAAC40 /* ViewController.m */ = {isa = PBXFileReference; lastKnownFileType = sourcecode.c.objc; path = ViewController.m; sourceTree = "<group>"; };
		BB7B42912121628700DAAC40 /* Base */ = {isa = PBXFileReference; lastKnownFileType = file.storyboard; name = Base; path = Base.lproj/Main.storyboard; sourceTree = "<group>"; };
		BB7B42932121628A00DAAC40 /* Assets.xcassets */ = {isa = PBXFileReference; lastKnownFileType = folder.assetcatalog; path = Assets.xcassets; sourceTree = "<group>"; };
		BB7B42962121628A00DAAC40 /* Base */ = {isa = PBXFileReference; lastKnownFileType = file.storyboard; name = Base; path = Base.lproj/LaunchScreen.storyboard; sourceTree = "<group>"; };
		BB7B42982121628A00DAAC40 /* Info.plist */ = {isa = PBXFileReference; lastKnownFileType = text.plist.xml; path = Info.plist; sourceTree = "<group>"; };
		BB7B42992121628A00DAAC40 /* main.m */ = {isa = PBXFileReference; lastKnownFileType = sourcecode.c.objc; path = main.m; sourceTree = "<group>"; };
		BB7B429F2121628A00DAAC40 /* 德元商城Tests.xctest */ = {isa = PBXFileReference; explicitFileType = wrapper.cfbundle; includeInIndex = 0; path = "德元商城Tests.xctest"; sourceTree = BUILT_PRODUCTS_DIR; };
		BB7B42A32121628A00DAAC40 /* ____Tests.m */ = {isa = PBXFileReference; lastKnownFileType = sourcecode.c.objc; path = "____Tests.m"; sourceTree = "<group>"; };
		BB7B42A52121628A00DAAC40 /* Info.plist */ = {isa = PBXFileReference; lastKnownFileType = text.plist.xml; path = Info.plist; sourceTree = "<group>"; };
		BB7B42AA2121628A00DAAC40 /* 德元商城UITests.xctest */ = {isa = PBXFileReference; explicitFileType = wrapper.cfbundle; includeInIndex = 0; path = "德元商城UITests.xctest"; sourceTree = BUILT_PRODUCTS_DIR; };
		BB7B42AE2121628A00DAAC40 /* ____UITests.m */ = {isa = PBXFileReference; lastKnownFileType = sourcecode.c.objc; path = "____UITests.m"; sourceTree = "<group>"; };
		BB7B42B02121628A00DAAC40 /* Info.plist */ = {isa = PBXFileReference; lastKnownFileType = text.plist.xml; path = Info.plist; sourceTree = "<group>"; };
/* End PBXFileReference section */

/* Begin PBXFrameworksBuildPhase section */
		BB7B42842121628700DAAC40 /* Frameworks */ = {
			isa = PBXFrameworksBuildPhase;
			buildActionMask = 2147483647;
			files = (
			);
			runOnlyForDeploymentPostprocessing = 0;
		};
		BB7B429C2121628A00DAAC40 /* Frameworks */ = {
			isa = PBXFrameworksBuildPhase;
			buildActionMask = 2147483647;
			files = (
			);
			runOnlyForDeploymentPostprocessing = 0;
		};
		BB7B42A72121628A00DAAC40 /* Frameworks */ = {
			isa = PBXFrameworksBuildPhase;
			buildActionMask = 2147483647;
			files = (
			);
			runOnlyForDeploymentPostprocessing = 0;
		};
/* End PBXFrameworksBuildPhase section */

/* Begin PBXGroup section */
		BB7B427E2121628700DAAC40 = {
			isa = PBXGroup;
			children = (
				BB7B42892121628700DAAC40 /* 德元商城 */,
				BB7B42A22121628A00DAAC40 /* 德元商城Tests */,
				BB7B42AD2121628A00DAAC40 /* 德元商城UITests */,
				BB7B42882121628700DAAC40 /* Products */,
			);
			sourceTree = "<group>";
		};
		BB7B42882121628700DAAC40 /* Products */ = {
			isa = PBXGroup;
			children = (
				BB7B42872121628700DAAC40 /* 德元商城.app */,
				BB7B429F2121628A00DAAC40 /* 德元商城Tests.xctest */,
				BB7B42AA2121628A00DAAC40 /* 德元商城UITests.xctest */,
			);
			name = Products;
			sourceTree = "<group>";
		};
		BB7B42892121628700DAAC40 /* 德元商城 */ = {
			isa = PBXGroup;
			children = (
				BB7B428A2121628700DAAC40 /* AppDelegate.h */,
				BB7B428B2121628700DAAC40 /* AppDelegate.m */,
				BB7B428D2121628700DAAC40 /* ViewController.h */,
				BB7B428E2121628700DAAC40 /* ViewController.m */,
				BB7B42902121628700DAAC40 /* Main.storyboard */,
				BB7B42932121628A00DAAC40 /* Assets.xcassets */,
				BB7B42952121628A00DAAC40 /* LaunchScreen.storyboard */,
				BB7B42982121628A00DAAC40 /* Info.plist */,
				BB7B42992121628A00DAAC40 /* main.m */,
			);
			path = "德元商城";
			sourceTree = "<group>";
		};
		BB7B42A22121628A00DAAC40 /* 德元商城Tests */ = {
			isa = PBXGroup;
			children = (
				BB7B42A32121628A00DAAC40 /* ____Tests.m */,
				BB7B42A52121628A00DAAC40 /* Info.plist */,
			);
			path = "德元商城Tests";
			sourceTree = "<group>";
		};
		BB7B42AD2121628A00DAAC40 /* 德元商城UITests */ = {
			isa = PBXGroup;
			children = (
				BB7B42AE2121628A00DAAC40 /* ____UITests.m */,
				BB7B42B02121628A00DAAC40 /* Info.plist */,
			);
			path = "德元商城UITests";
			sourceTree = "<group>";
		};
/* End PBXGroup section */

/* Begin PBXNativeTarget section */
		BB7B42862121628700DAAC40 /* 德元商城 */ = {
			isa = PBXNativeTarget;
			buildConfigurationList = BB7B42B32121628A00DAAC40 /* Build configuration list for PBXNativeTarget "德元商城" */;
			buildPhases = (
				BB7B42832121628700DAAC40 /* Sources */,
				BB7B42842121628700DAAC40 /* Frameworks */,
				BB7B42852121628700DAAC40 /* Resources */,
			);
			buildRules = (
			);
			dependencies = (
			);
			name = "德元商城";
			productName = "德元商城";
			productReference = BB7B42872121628700DAAC40 /* 德元商城.app */;
			productType = "com.apple.product-type.application";
		};
		BB7B429E2121628A00DAAC40 /* 德元商城Tests */ = {
			isa = PBXNativeTarget;
			buildConfigurationList = BB7B42B62121628A00DAAC40 /* Build configuration list for PBXNativeTarget "德元商城Tests" */;
			buildPhases = (
				BB7B429B2121628A00DAAC40 /* Sources */,
				BB7B429C2121628A00DAAC40 /* Frameworks */,
				BB7B429D2121628A00DAAC40 /* Resources */,
			);
			buildRules = (
			);
			dependencies = (
				BB7B42A12121628A00DAAC40 /* PBXTargetDependency */,
			);
			name = "德元商城Tests";
			productName = "德元商城Tests";
			productReference = BB7B429F2121628A00DAAC40 /* 德元商城Tests.xctest */;
			productType = "com.apple.product-type.bundle.unit-test";
		};
		BB7B42A92121628A00DAAC40 /* 德元商城UITests */ = {
			isa = PBXNativeTarget;
			buildConfigurationList = BB7B42B92121628A00DAAC40 /* Build configuration list for PBXNativeTarget "德元商城UITests" */;
			buildPhases = (
				BB7B42A62121628A00DAAC40 /* Sources */,
				BB7B42A72121628A00DAAC40 /* Frameworks */,
				BB7B42A82121628A00DAAC40 /* Resources */,
			);
			buildRules = (
			);
			dependencies = (
				BB7B42AC2121628A00DAAC40 /* PBXTargetDependency */,
			);
			name = "德元商城UITests";
			productName = "德元商城UITests";
			productReference = BB7B42AA2121628A00DAAC40 /* 德元商城UITests.xctest */;
			productType = "com.apple.product-type.bundle.ui-testing";
		};
/* End PBXNativeTarget section */

/* Begin PBXProject section */
		BB7B427F2121628700DAAC40 /* Project object */ = {
			isa = PBXProject;
			attributes = {
				LastUpgradeCheck = 0940;
				ORGANIZATIONNAME = "胡隆海";
				TargetAttributes = {
					BB7B42862121628700DAAC40 = {
						CreatedOnToolsVersion = 9.4.1;
					};
					BB7B429E2121628A00DAAC40 = {
						CreatedOnToolsVersion = 9.4.1;
						TestTargetID = BB7B42862121628700DAAC40;
					};
					BB7B42A92121628A00DAAC40 = {
						CreatedOnToolsVersion = 9.4.1;
						TestTargetID = BB7B42862121628700DAAC40;
					};
				};
			};
			buildConfigurationList = BB7B42822121628700DAAC40 /* Build configuration list for PBXProject "德元商城" */;
			compatibilityVersion = "Xcode 9.3";
			developmentRegion = en;
			hasScannedForEncodings = 0;
			knownRegions = (
				en,
				Base,
			);
			mainGroup = BB7B427E2121628700DAAC40;
			productRefGroup = BB7B42882121628700DAAC40 /* Products */;
			projectDirPath = "";
			projectRoot = "";
			targets = (
				BB7B42862121628700DAAC40 /* 德元商城 */,
				BB7B429E2121628A00DAAC40 /* 德元商城Tests */,
				BB7B42A92121628A00DAAC40 /* 德元商城UITests */,
			);
		};
/* End PBXProject section */

/* Begin PBXResourcesBuildPhase section */
		BB7B42852121628700DAAC40 /* Resources */ = {
			isa = PBXResourcesBuildPhase;
			buildActionMask = 2147483647;
			files = (
				BB7B42972121628A00DAAC40 /* LaunchScreen.storyboard in Resources */,
				BB7B42942121628A00DAAC40 /* Assets.xcassets in Resources */,
				BB7B42922121628700DAAC40 /* Main.storyboard in Resources */,
			);
			runOnlyForDeploymentPostprocessing = 0;
		};
		BB7B429D2121628A00DAAC40 /* Resources */ = {
			isa = PBXResourcesBuildPhase;
			buildActionMask = 2147483647;
			files = (
			);
			runOnlyForDeploymentPostprocessing = 0;
		};
		BB7B42A82121628A00DAAC40 /* Resources */ = {
			isa = PBXResourcesBuildPhase;
			buildActionMask = 2147483647;
			files = (
			);
			runOnlyForDeploymentPostprocessing = 0;
		};
/* End PBXResourcesBuildPhase section */

/* Begin PBXSourcesBuildPhase section */
		BB7B42832121628700DAAC40 /* Sources */ = {
			isa = PBXSourcesBuildPhase;
			buildActionMask = 2147483647;
			files = (
				BB7B428F2121628700DAAC40 /* ViewController.m in Sources */,
				BB7B429A2121628A00DAAC40 /* main.m in Sources */,
				BB7B428C2121628700DAAC40 /* AppDelegate.m in Sources */,
			);
			runOnlyForDeploymentPostprocessing = 0;
		};
		BB7B429B2121628A00DAAC40 /* Sources */ = {
			isa = PBXSourcesBuildPhase;
			buildActionMask = 2147483647;
			files = (
				BB7B42A42121628A00DAAC40 /* ____Tests.m in Sources */,
			);
			runOnlyForDeploymentPostprocessing = 0;
		};
		BB7B42A62121628A00DAAC40 /* Sources */ = {
			isa = PBXSourcesBuildPhase;
			buildActionMask = 2147483647;
			files = (
				BB7B42AF2121628A00DAAC40 /* ____UITests.m in Sources */,
			);
			runOnlyForDeploymentPostprocessing = 0;
		};
/* End PBXSourcesBuildPhase section */

/* Begin PBXTargetDependency section */
		BB7B42A12121628A00DAAC40 /* PBXTargetDependency */ = {
			isa = PBXTargetDependency;
			target = BB7B42862121628700DAAC40 /* 德元商城 */;
			targetProxy = BB7B42A02121628A00DAAC40 /* PBXContainerItemProxy */;
		};
		BB7B42AC2121628A00DAAC40 /* PBXTargetDependency */ = {
			isa = PBXTargetDependency;
			target = BB7B42862121628700DAAC40 /* 德元商城 */;
			targetProxy = BB7B42AB2121628A00DAAC40 /* PBXContainerItemProxy */;
		};
/* End PBXTargetDependency section */

/* Begin PBXVariantGroup section */
		BB7B42902121628700DAAC40 /* Main.storyboard */ = {
			isa = PBXVariantGroup;
			children = (
				BB7B42912121628700DAAC40 /* Base */,
			);
			name = Main.storyboard;
			sourceTree = "<group>";
		};
		BB7B42952121628A00DAAC40 /* LaunchScreen.storyboard */ = {
			isa = PBXVariantGroup;
			children = (
				BB7B42962121628A00DAAC40 /* Base */,
			);
			name = LaunchScreen.storyboard;
			sourceTree = "<group>";
		};
/* End PBXVariantGroup section */

/* Begin XCBuildConfiguration section */
		BB7B42B12121628A00DAAC40 /* Debug */ = {
			isa = XCBuildConfiguration;
			buildSettings = {
				ALWAYS_SEARCH_USER_PATHS = NO;
				CLANG_ANALYZER_NONNULL = YES;
				CLANG_ANALYZER_NUMBER_OBJECT_CONVERSION = YES_AGGRESSIVE;
				CLANG_CXX_LANGUAGE_STANDARD = "gnu++14";
				CLANG_CXX_LIBRARY = "libc++";
				CLANG_ENABLE_MODULES = YES;
				CLANG_ENABLE_OBJC_ARC = YES;
				CLANG_ENABLE_OBJC_WEAK = YES;
				CLANG_WARN_BLOCK_CAPTURE_AUTORELEASING = YES;
				CLANG_WARN_BOOL_CONVERSION = YES;
				CLANG_WARN_COMMA = YES;
				CLANG_WARN_CONSTANT_CONVERSION = YES;
				CLANG_WARN_DEPRECATED_OBJC_IMPLEMENTATIONS = YES;
				CLANG_WARN_DIRECT_OBJC_ISA_USAGE = YES_ERROR;
				CLANG_WARN_DOCUMENTATION_COMMENTS = YES;
				CLANG_WARN_EMPTY_BODY = YES;
				CLANG_WARN_ENUM_CONVERSION = YES;
				CLANG_WARN_INFINITE_RECURSION = YES;
				CLANG_WARN_INT_CONVERSION = YES;
				CLANG_WARN_NON_LITERAL_NULL_CONVERSION = YES;
				CLANG_WARN_OBJC_IMPLICIT_RETAIN_SELF = YES;
				CLANG_WARN_OBJC_LITERAL_CONVERSION = YES;
				CLANG_WARN_OBJC_ROOT_CLASS = YES_ERROR;
				CLANG_WARN_RANGE_LOOP_ANALYSIS = YES;
				CLANG_WARN_STRICT_PROTOTYPES = YES;
				CLANG_WARN_SUSPICIOUS_MOVE = YES;
				CLANG_WARN_UNGUARDED_AVAILABILITY = YES_AGGRESSIVE;
				CLANG_WARN_UNREACHABLE_CODE = YES;
				CLANG_WARN__DUPLICATE_METHOD_MATCH = YES;
				CODE_SIGN_IDENTITY = "iPhone Developer";
				COPY_PHASE_STRIP = NO;
				DEBUG_INFORMATION_FORMAT = dwarf;
				ENABLE_STRICT_OBJC_MSGSEND = YES;
				ENABLE_TESTABILITY = YES;
				GCC_C_LANGUAGE_STANDARD = gnu11;
				GCC_DYNAMIC_NO_PIC = NO;
				GCC_NO_COMMON_BLOCKS = YES;
				GCC_OPTIMIZATION_LEVEL = 0;
				GCC_PREPROCESSOR_DEFINITIONS = (
					"DEBUG=1",
					"$(inherited)",
				);
				GCC_WARN_64_TO_32_BIT_CONVERSION = YES;
				GCC_WARN_ABOUT_RETURN_TYPE = YES_ERROR;
				GCC_WARN_UNDECLARED_SELECTOR = YES;
				GCC_WARN_UNINITIALIZED_AUTOS = YES_AGGRESSIVE;
				GCC_WARN_UNUSED_FUNCTION = YES;
				GCC_WARN_UNUSED_VARIABLE = YES;
				IPHONEOS_DEPLOYMENT_TARGET = 11.4;
				MTL_ENABLE_DEBUG_INFO = YES;
				ONLY_ACTIVE_ARCH = YES;
				SDKROOT = iphoneos;
			};
			name = Debug;
		};
		BB7B42B22121628A00DAAC40 /* Release */ = {
			isa = XCBuildConfiguration;
			buildSettings = {
				ALWAYS_SEARCH_USER_PATHS = NO;
				CLANG_ANALYZER_NONNULL = YES;
				CLANG_ANALYZER_NUMBER_OBJECT_CONVERSION = YES_AGGRESSIVE;
				CLANG_CXX_LANGUAGE_STANDARD = "gnu++14";
				CLANG_CXX_LIBRARY = "libc++";
				CLANG_ENABLE_MODULES = YES;
				CLANG_ENABLE_OBJC_ARC = YES;
				CLANG_ENABLE_OBJC_WEAK = YES;
				CLANG_WARN_BLOCK_CAPTURE_AUTORELEASING = YES;
				CLANG_WARN_BOOL_CONVERSION = YES;
				CLANG_WARN_COMMA = YES;
				CLANG_WARN_CONSTANT_CONVERSION = YES;
				CLANG_WARN_DEPRECATED_OBJC_IMPLEMENTATIONS = YES;
				CLANG_WARN_DIRECT_OBJC_ISA_USAGE = YES_ERROR;
				CLANG_WARN_DOCUMENTATION_COMMENTS = YES;
				CLANG_WARN_EMPTY_BODY = YES;
				CLANG_WARN_ENUM_CONVERSION = YES;
				CLANG_WARN_INFINITE_RECURSION = YES;
				CLANG_WARN_INT_CONVERSION = YES;
				CLANG_WARN_NON_LITERAL_NULL_CONVERSION = YES;
				CLANG_WARN_OBJC_IMPLICIT_RETAIN_SELF = YES;
				CLANG_WARN_OBJC_LITERAL_CONVERSION = YES;
				CLANG_WARN_OBJC_ROOT_CLASS = YES_ERROR;
				CLANG_WARN_RANGE_LOOP_ANALYSIS = YES;
				CLANG_WARN_STRICT_PROTOTYPES = YES;
				CLANG_WARN_SUSPICIOUS_MOVE = YES;
				CLANG_WARN_UNGUARDED_AVAILABILITY = YES_AGGRESSIVE;
				CLANG_WARN_UNREACHABLE_CODE = YES;
				CLANG_WARN__DUPLICATE_METHOD_MATCH = YES;
				CODE_SIGN_IDENTITY = "iPhone Developer";
				COPY_PHASE_STRIP = NO;
				DEBUG_INFORMATION_FORMAT = "dwarf-with-dsym";
				ENABLE_NS_ASSERTIONS = NO;
				ENABLE_STRICT_OBJC_MSGSEND = YES;
				GCC_C_LANGUAGE_STANDARD = gnu11;
				GCC_NO_COMMON_BLOCKS = YES;
				GCC_WARN_64_TO_32_BIT_CONVERSION = YES;
				GCC_WARN_ABOUT_RETURN_TYPE = YES_ERROR;
				GCC_WARN_UNDECLARED_SELECTOR = YES;
				GCC_WARN_UNINITIALIZED_AUTOS = YES_AGGRESSIVE;
				GCC_WARN_UNUSED_FUNCTION = YES;
				GCC_WARN_UNUSED_VARIABLE = YES;
				IPHONEOS_DEPLOYMENT_TARGET = 11.4;
				MTL_ENABLE_DEBUG_INFO = NO;
				SDKROOT = iphoneos;
				VALIDATE_PRODUCT = YES;
			};
			name = Release;
		};
		BB7B42B42121628A00DAAC40 /* Debug */ = {
			isa = XCBuildConfiguration;
			buildSettings = {
				ASSETCATALOG_COMPILER_APPICON_NAME = AppIcon;
				CODE_SIGN_STYLE = Automatic;
				DEVELOPMENT_TEAM = K7E75ZM9G2;
				INFOPLIST_FILE = "德元商城/Info.plist";
				LD_RUNPATH_SEARCH_PATHS = (
					"$(inherited)",
					"@executable_path/Frameworks",
				);
				PRODUCT_BUNDLE_IDENTIFIER = "-------------.----";
				PRODUCT_NAME = "$(TARGET_NAME)";
				TARGETED_DEVICE_FAMILY = "1,2";
			};
			name = Debug;
		};
		BB7B42B52121628A00DAAC40 /* Release */ = {
			isa = XCBuildConfiguration;
			buildSettings = {
				ASSETCATALOG_COMPILER_APPICON_NAME = AppIcon;
				CODE_SIGN_STYLE = Automatic;
				DEVELOPMENT_TEAM = K7E75ZM9G2;
				INFOPLIST_FILE = "德元商城/Info.plist";
				LD_RUNPATH_SEARCH_PATHS = (
					"$(inherited)",
					"@executable_path/Frameworks",
				);
				PRODUCT_BUNDLE_IDENTIFIER = "-------------.----";
				PRODUCT_NAME = "$(TARGET_NAME)";
				TARGETED_DEVICE_FAMILY = "1,2";
			};
			name = Release;
		};
		BB7B42B72121628A00DAAC40 /* Debug */ = {
			isa = XCBuildConfiguration;
			buildSettings = {
				BUNDLE_LOADER = "$(TEST_HOST)";
				CODE_SIGN_STYLE = Automatic;
				DEVELOPMENT_TEAM = K7E75ZM9G2;
				INFOPLIST_FILE = "德元商城Tests/Info.plist";
				LD_RUNPATH_SEARCH_PATHS = (
					"$(inherited)",
					"@executable_path/Frameworks",
					"@loader_path/Frameworks",
				);
				PRODUCT_BUNDLE_IDENTIFIER = "-------------.----Tests";
				PRODUCT_NAME = "$(TARGET_NAME)";
				TARGETED_DEVICE_FAMILY = "1,2";
				TEST_HOST = "$(BUILT_PRODUCTS_DIR)/德元商城.app/德元商城";
			};
			name = Debug;
		};
		BB7B42B82121628A00DAAC40 /* Release */ = {
			isa = XCBuildConfiguration;
			buildSettings = {
				BUNDLE_LOADER = "$(TEST_HOST)";
				CODE_SIGN_STYLE = Automatic;
				DEVELOPMENT_TEAM = K7E75ZM9G2;
				INFOPLIST_FILE = "德元商城Tests/Info.plist";
				LD_RUNPATH_SEARCH_PATHS = (
					"$(inherited)",
					"@executable_path/Frameworks",
					"@loader_path/Frameworks",
				);
				PRODUCT_BUNDLE_IDENTIFIER = "-------------.----Tests";
				PRODUCT_NAME = "$(TARGET_NAME)";
				TARGETED_DEVICE_FAMILY = "1,2";
				TEST_HOST = "$(BUILT_PRODUCTS_DIR)/德元商城.app/德元商城";
			};
			name = Release;
		};
		BB7B42BA2121628A00DAAC40 /* Debug */ = {
			isa = XCBuildConfiguration;
			buildSettings = {
				CODE_SIGN_STYLE = Automatic;
				DEVELOPMENT_TEAM = K7E75ZM9G2;
				INFOPLIST_FILE = "德元商城UITests/Info.plist";
				LD_RUNPATH_SEARCH_PATHS = (
					"$(inherited)",
					"@executable_path/Frameworks",
					"@loader_path/Frameworks",
				);
				PRODUCT_BUNDLE_IDENTIFIER = "-------------.----UITests";
				PRODUCT_NAME = "$(TARGET_NAME)";
				TARGETED_DEVICE_FAMILY = "1,2";
				TEST_TARGET_NAME = "德元商城";
			};
			name = Debug;
		};
		BB7B42BB2121628A00DAAC40 /* Release */ = {
			isa = XCBuildConfiguration;
			buildSettings = {
				CODE_SIGN_STYLE = Automatic;
				DEVELOPMENT_TEAM = K7E75ZM9G2;
				INFOPLIST_FILE = "德元商城UITests/Info.plist";
				LD_RUNPATH_SEARCH_PATHS = (
					"$(inherited)",
					"@executable_path/Frameworks",
					"@loader_path/Frameworks",
				);
				PRODUCT_BUNDLE_IDENTIFIER = "-------------.----UITests";
				PRODUCT_NAME = "$(TARGET_NAME)";
				TARGETED_DEVICE_FAMILY = "1,2";
				TEST_TARGET_NAME = "德元商城";
			};
			name = Release;
		};
/* End XCBuildConfiguration section */

/* Begin XCConfigurationList section */
		BB7B42822121628700DAAC40 /* Build configuration list for PBXProject "德元商城" */ = {
			isa = XCConfigurationList;
			buildConfigurations = (
				BB7B42B12121628A00DAAC40 /* Debug */,
				BB7B42B22121628A00DAAC40 /* Release */,
			);
			defaultConfigurationIsVisible = 0;
			defaultConfigurationName = Release;
		};
		BB7B42B32121628A00DAAC40 /* Build configuration list for PBXNativeTarget "德元商城" */ = {
			isa = XCConfigurationList;
			buildConfigurations = (
				BB7B42B42121628A00DAAC40 /* Debug */,
				BB7B42B52121628A00DAAC40 /* Release */,
			);
			defaultConfigurationIsVisible = 0;
			defaultConfigurationName = Release;
		};
		BB7B42B62121628A00DAAC40 /* Build configuration list for PBXNativeTarget "德元商城Tests" */ = {
			isa = XCConfigurationList;
			buildConfigurations = (
				BB7B42B72121628A00DAAC40 /* Debug */,
				BB7B42B82121628A00DAAC40 /* Release */,
			);
			defaultConfigurationIsVisible = 0;
			defaultConfigurationName = Release;
		};
		BB7B42B92121628A00DAAC40 /* Build configuration list for PBXNativeTarget "德元商城UITests" */ = {
			isa = XCConfigurationList;
			buildConfigurations = (
				BB7B42BA2121628A00DAAC40 /* Debug */,
				BB7B42BB2121628A00DAAC40 /* Release */,
			);
			defaultConfigurationIsVisible = 0;
			defaultConfigurationName = Release;
		};
/* End XCConfigurationList section */
	};
	rootObject = BB7B427F2121628700DAAC40 /* Project object */;
}
